
Microsoft Visual Studio Solution File, Format Version 12.00
# Visual Studio Version 17
VisualStudioVersion = 17.1.32210.238
MinimumVisualStudioVersion = 10.0.40219.1
Project("{FAE04EC0-301F-11D3-BF4B-00C04F79EFBC}") = "ConsoleApp4", "ConsoleApp4.csproj", "{8FC53799-61BE-4B35-A9AD-1BDF6E7BCAA1}"
EndProject
Global
	GlobalSection(SolutionConfigurationPlatforms) = preSolution
		Debug|Any CPU = Debug|Any CPU
		Release|Any CPU = Release|Any CPU
	EndGlobalSection
	GlobalSection(ProjectConfigurationPlatforms) = postSolution
		{8FC53799-61BE-4B35-A9AD-1BDF6E7BCAA1}.Debug|Any CPU.ActiveCfg = Debug|Any CPU
		{8FC53799-61BE-4B35-A9AD-1BDF6E7BCAA1}.Debug|Any CPU.Build.0 = Debug|Any CPU
		{8FC53799-61BE-4B35-A9AD-1BDF6E7BCAA1}.Release|Any CPU.ActiveCfg = Release|Any CPU
		{8FC53799-61BE-4B35-A9AD-1BDF6E7BCAA1}.Release|Any CPU.Build.0 = Release|Any CPU
	EndGlobalSection
	GlobalSection(SolutionProperties) = preSolution
		HideSolutionNode = FALSE
	EndGlobalSection
	GlobalSection(ExtensibilityGlobals) = postSolution
		SolutionGuid = {CDD8D8CD-3F99-4CD5-8A19-B0CFFCFB17C3}
	EndGlobalSection
EndGlobal
